Microsoft Visual Studio Solution File, Format Version 11.00
# Visual Studio 2008

Project("{001216E4-FC90-FC55-96E9-F96A8BF760CA}") = "Golem April 11", "Assembly-CSharp-firstpass.csproj", "{61C4B492-CE1B-5C14-5A37-6F1689D9D9C1}"
EndProject
Project("{001216E4-FC90-FC55-96E9-F96A8BF760CA}") = "Golem April 11", "Assembly-CSharp.csproj", "{27BCAFAA-40EF-0002-A4B4-7D289BE81FAD}"
EndProject
Project("{001216E4-FC90-FC55-96E9-F96A8BF760CA}") = "Golem April 11", "Assembly-CSharp-Editor.csproj", "{58189D2D-ADA8-17B3-C414-DEBD1AF05194}"
EndProject
Project("{001216E4-FC90-FC55-96E9-F96A8BF760CA}") = "Golem April 11", "Assembly-Boo-Editor.booproj", "{B05DF6EE-3D79-6B16-DD0C-EA18C1B27EA5}"
EndProject
Project("{001216E4-FC90-FC55-96E9-F96A8BF760CA}") = "Golem April 11", "Assembly-UnityScript-firstpass.unityproj", "{F175F19D-7DEA-50E0-0322-4908DAAE31C2}"
EndProject
Project("{001216E4-FC90-FC55-96E9-F96A8BF760CA}") = "Golem April 11", "Assembly-UnityScript.unityproj", "{9A0966AA-E437-477E-CE69-E5D13D9E9EE2}"
EndProject
Project("{001216E4-FC90-FC55-96E9-F96A8BF760CA}") = "Golem April 11", "Assembly-UnityScript-Editor.unityproj", "{7EB61D28-E834-89F2-7292-AEE1BC358B10}"
EndProject
Global
	GlobalSection(SolutionConfigurationPlatforms) = preSolution
		Debug|Any CPU = Debug|Any CPU
		Release|Any CPU = Release|Any CPU
	EndGlobalSection
	GlobalSection(ProjectConfigurationPlatforms) = postSolution
		{61C4B492-CE1B-5C14-5A37-6F1689D9D9C1}.Debug|Any CPU.ActiveCfg = Debug|Any CPU
		{61C4B492-CE1B-5C14-5A37-6F1689D9D9C1}.Debug|Any CPU.Build.0 = Debug|Any CPU
		{61C4B492-CE1B-5C14-5A37-6F1689D9D9C1}.Release|Any CPU.ActiveCfg = Release|Any CPU
		{61C4B492-CE1B-5C14-5A37-6F1689D9D9C1}.Release|Any CPU.Build.0 = Release|Any CPU
		{27BCAFAA-40EF-0002-A4B4-7D289BE81FAD}.Debug|Any CPU.ActiveCfg = Debug|Any CPU
		{27BCAFAA-40EF-0002-A4B4-7D289BE81FAD}.Debug|Any CPU.Build.0 = Debug|Any CPU
		{27BCAFAA-40EF-0002-A4B4-7D289BE81FAD}.Release|Any CPU.ActiveCfg = Release|Any CPU
		{27BCAFAA-40EF-0002-A4B4-7D289BE81FAD}.Release|Any CPU.Build.0 = Release|Any CPU
		{58189D2D-ADA8-17B3-C414-DEBD1AF05194}.Debug|Any CPU.ActiveCfg = Debug|Any CPU
		{58189D2D-ADA8-17B3-C414-DEBD1AF05194}.Debug|Any CPU.Build.0 = Debug|Any CPU
		{58189D2D-ADA8-17B3-C414-DEBD1AF05194}.Release|Any CPU.ActiveCfg = Release|Any CPU
		{58189D2D-ADA8-17B3-C414-DEBD1AF05194}.Release|Any CPU.Build.0 = Release|Any CPU
		{B05DF6EE-3D79-6B16-DD0C-EA18C1B27EA5}.Debug|Any CPU.ActiveCfg = Debug|Any CPU
		{B05DF6EE-3D79-6B16-DD0C-EA18C1B27EA5}.Debug|Any CPU.Build.0 = Debug|Any CPU
		{B05DF6EE-3D79-6B16-DD0C-EA18C1B27EA5}.Release|Any CPU.ActiveCfg = Release|Any CPU
		{B05DF6EE-3D79-6B16-DD0C-EA18C1B27EA5}.Release|Any CPU.Build.0 = Release|Any CPU
		{F175F19D-7DEA-50E0-0322-4908DAAE31C2}.Debug|Any CPU.ActiveCfg = Debug|Any CPU
		{F175F19D-7DEA-50E0-0322-4908DAAE31C2}.Debug|Any CPU.Build.0 = Debug|Any CPU
		{F175F19D-7DEA-50E0-0322-4908DAAE31C2}.Release|Any CPU.ActiveCfg = Release|Any CPU
		{F175F19D-7DEA-50E0-0322-4908DAAE31C2}.Release|Any CPU.Build.0 = Release|Any CPU
		{9A0966AA-E437-477E-CE69-E5D13D9E9EE2}.Debug|Any CPU.ActiveCfg = Debug|Any CPU
		{9A0966AA-E437-477E-CE69-E5D13D9E9EE2}.Debug|Any CPU.Build.0 = Debug|Any CPU
		{9A0966AA-E437-477E-CE69-E5D13D9E9EE2}.Release|Any CPU.ActiveCfg = Release|Any CPU
		{9A0966AA-E437-477E-CE69-E5D13D9E9EE2}.Release|Any CPU.Build.0 = Release|Any CPU
		{7EB61D28-E834-89F2-7292-AEE1BC358B10}.Debug|Any CPU.ActiveCfg = Debug|Any CPU
		{7EB61D28-E834-89F2-7292-AEE1BC358B10}.Debug|Any CPU.Build.0 = Debug|Any CPU
		{7EB61D28-E834-89F2-7292-AEE1BC358B10}.Release|Any CPU.ActiveCfg = Release|Any CPU
		{7EB61D28-E834-89F2-7292-AEE1BC358B10}.Release|Any CPU.Build.0 = Release|Any CPU
	EndGlobalSection
	GlobalSection(SolutionProperties) = preSolution
		HideSolutionNode = FALSE
	EndGlobalSection
	GlobalSection(MonoDevelopProperties) = preSolution
		StartupItem = Assembly-CSharp.csproj
		Policies = $0
		$0.TextStylePolicy = $1
		$1.inheritsSet = null
		$1.scope = text/x-csharp
		$0.CSharpFormattingPolicy = $2
		$2.inheritsSet = Mono
		$2.inheritsScope = text/x-csharp
		$2.scope = text/x-csharp
		$0.TextStylePolicy = $3
		$3.FileWidth = 120
		$3.TabWidth = 4
		$3.EolMarker = Unix
		$3.inheritsSet = Mono
		$3.inheritsScope = text/plain
		$3.scope = text/plain
	EndGlobalSection
EndGlobal
