Microsoft Visual Studio Solution File, Format Version 11.00
# Visual Studio 2008

Project("{43B3B760-9E10-6A4D-FBD1-422B8A5049A4}") = "WanderAndAttackTutorial3_rev2", "Assembly-CSharp-firstpass.csproj", "{0843710B-8DA0-5F87-B729-4F046DF1F1EF}"
EndProject
Project("{43B3B760-9E10-6A4D-FBD1-422B8A5049A4}") = "WanderAndAttackTutorial3_rev2", "Assembly-CSharp.csproj", "{9CE25324-1959-0F7B-E5B6-45DA902CD9BD}"
EndProject
Project("{43B3B760-9E10-6A4D-FBD1-422B8A5049A4}") = "WanderAndAttackTutorial3_rev2", "Assembly-CSharp-Editor.csproj", "{BAC3AF59-94DE-6204-80AF-222EDA336F15}"
EndProject
Project("{43B3B760-9E10-6A4D-FBD1-422B8A5049A4}") = "WanderAndAttackTutorial3_rev2", "Assembly-Boo-Editor.booproj", "{ECA3EF80-C8E2-B731-7320-C034254AE9AA}"
EndProject
Project("{43B3B760-9E10-6A4D-FBD1-422B8A5049A4}") = "WanderAndAttackTutorial3_rev2", "Assembly-UnityScript-firstpass.unityproj", "{FD805551-E26E-EE23-EC30-FC05B36DE234}"
EndProject
Project("{43B3B760-9E10-6A4D-FBD1-422B8A5049A4}") = "WanderAndAttackTutorial3_rev2", "Assembly-UnityScript-Editor.unityproj", "{A30192D0-7366-0DB5-61ED-3596354D47BD}"
EndProject
Global
	GlobalSection(SolutionConfigurationPlatforms) = preSolution
		Debug|Any CPU = Debug|Any CPU
		Release|Any CPU = Release|Any CPU
	EndGlobalSection
	GlobalSection(ProjectConfigurationPlatforms) = postSolution
		{0843710B-8DA0-5F87-B729-4F046DF1F1EF}.Debug|Any CPU.ActiveCfg = Debug|Any CPU
		{0843710B-8DA0-5F87-B729-4F046DF1F1EF}.Debug|Any CPU.Build.0 = Debug|Any CPU
		{0843710B-8DA0-5F87-B729-4F046DF1F1EF}.Release|Any CPU.ActiveCfg = Release|Any CPU
		{0843710B-8DA0-5F87-B729-4F046DF1F1EF}.Release|Any CPU.Build.0 = Release|Any CPU
		{9CE25324-1959-0F7B-E5B6-45DA902CD9BD}.Debug|Any CPU.ActiveCfg = Debug|Any CPU
		{9CE25324-1959-0F7B-E5B6-45DA902CD9BD}.Debug|Any CPU.Build.0 = Debug|Any CPU
		{9CE25324-1959-0F7B-E5B6-45DA902CD9BD}.Release|Any CPU.ActiveCfg = Release|Any CPU
		{9CE25324-1959-0F7B-E5B6-45DA902CD9BD}.Release|Any CPU.Build.0 = Release|Any CPU
		{BAC3AF59-94DE-6204-80AF-222EDA336F15}.Debug|Any CPU.ActiveCfg = Debug|Any CPU
		{BAC3AF59-94DE-6204-80AF-222EDA336F15}.Debug|Any CPU.Build.0 = Debug|Any CPU
		{BAC3AF59-94DE-6204-80AF-222EDA336F15}.Release|Any CPU.ActiveCfg = Release|Any CPU
		{BAC3AF59-94DE-6204-80AF-222EDA336F15}.Release|Any CPU.Build.0 = Release|Any CPU
		{ECA3EF80-C8E2-B731-7320-C034254AE9AA}.Debug|Any CPU.ActiveCfg = Debug|Any CPU
		{ECA3EF80-C8E2-B731-7320-C034254AE9AA}.Debug|Any CPU.Build.0 = Debug|Any CPU
		{ECA3EF80-C8E2-B731-7320-C034254AE9AA}.Release|Any CPU.ActiveCfg = Release|Any CPU
		{ECA3EF80-C8E2-B731-7320-C034254AE9AA}.Release|Any CPU.Build.0 = Release|Any CPU
		{FD805551-E26E-EE23-EC30-FC05B36DE234}.Debug|Any CPU.ActiveCfg = Debug|Any CPU
		{FD805551-E26E-EE23-EC30-FC05B36DE234}.Debug|Any CPU.Build.0 = Debug|Any CPU
		{FD805551-E26E-EE23-EC30-FC05B36DE234}.Release|Any CPU.ActiveCfg = Release|Any CPU
		{FD805551-E26E-EE23-EC30-FC05B36DE234}.Release|Any CPU.Build.0 = Release|Any CPU
		{A30192D0-7366-0DB5-61ED-3596354D47BD}.Debug|Any CPU.ActiveCfg = Debug|Any CPU
		{A30192D0-7366-0DB5-61ED-3596354D47BD}.Debug|Any CPU.Build.0 = Debug|Any CPU
		{A30192D0-7366-0DB5-61ED-3596354D47BD}.Release|Any CPU.ActiveCfg = Release|Any CPU
		{A30192D0-7366-0DB5-61ED-3596354D47BD}.Release|Any CPU.Build.0 = Release|Any CPU
	EndGlobalSection
	GlobalSection(SolutionProperties) = preSolution
		HideSolutionNode = FALSE
	EndGlobalSection
																																			GlobalSection(MonoDevelopProperties) = preSolution
		StartupItem = Assembly-CSharp.csproj
		Policies = $0
		$0.TextStylePolicy = $1
		$1.inheritsSet = null
		$1.scope = text/x-csharp
		$0.CSharpFormattingPolicy = $2
		$2.inheritsSet = Mono
		$2.inheritsScope = text/x-csharp
		$2.scope = text/x-csharp
		$0.TextStylePolicy = $3
		$3.FileWidth = 120
		$3.TabWidth = 4
		$3.EolMarker = Unix
		$3.inheritsSet = Mono
		$3.inheritsScope = text/plain
		$3.scope = text/plain
	EndGlobalSection

EndGlobal
